// !$*UTF8*$!
{
	archiveVersion = 1;
	classes = {
	};
	objectVersion = 55;
	objects = {

/* Begin PBXBuildFile section */
		A4AD5DF6282F426B00455074 /* AppDelegate.swift in Sources */ = {isa = PBXBuildFile; fileRef = A4AD5DF5282F426B00455074 /* AppDelegate.swift */; };
		A4AD5DF8282F426B00455074 /* SceneDelegate.swift in Sources */ = {isa = PBXBuildFile; fileRef = A4AD5DF7282F426B00455074 /* SceneDelegate.swift */; };
		A4AD5DFA282F426B00455074 /* ViewController.swift in Sources */ = {isa = PBXBuildFile; fileRef = A4AD5DF9282F426B00455074 /* ViewController.swift */; };
		A4AD5DFD282F426B00455074 /* Main.storyboard in Resources */ = {isa = PBXBuildFile; fileRef = A4AD5DFB282F426B00455074 /* Main.storyboard */; };
		A4AD5DFF282F426D00455074 /* Assets.xcassets in Resources */ = {isa = PBXBuildFile; fileRef = A4AD5DFE282F426D00455074 /* Assets.xcassets */; };
		A4AD5E02282F426D00455074 /* LaunchScreen.storyboard in Resources */ = {isa = PBXBuildFile; fileRef = A4AD5E00282F426D00455074 /* LaunchScreen.storyboard */; };
		A4AD5E28282F85EC00455074 /* AppDelegate.swift in Sources */ = {isa = PBXBuildFile; fileRef = A4AD5E27282F85EC00455074 /* AppDelegate.swift */; };
		A4AD5E2A282F85EC00455074 /* SceneDelegate.swift in Sources */ = {isa = PBXBuildFile; fileRef = A4AD5E29282F85EC00455074 /* SceneDelegate.swift */; };
		A4AD5E2C282F85EC00455074 /* ConcurrentQueueViewController.swift in Sources */ = {isa = PBXBuildFile; fileRef = A4AD5E2B282F85EC00455074 /* ConcurrentQueueViewController.swift */; };
		A4AD5E2F282F85EC00455074 /* Main.storyboard in Resources */ = {isa = PBXBuildFile; fileRef = A4AD5E2D282F85EC00455074 /* Main.storyboard */; };
		A4AD5E31282F85EC00455074 /* Assets.xcassets in Resources */ = {isa = PBXBuildFile; fileRef = A4AD5E30282F85EC00455074 /* Assets.xcassets */; };
		A4AD5E34282F85EC00455074 /* LaunchScreen.storyboard in Resources */ = {isa = PBXBuildFile; fileRef = A4AD5E32282F85EC00455074 /* LaunchScreen.storyboard */; };
/* End PBXBuildFile section */

/* Begin PBXFileReference section */
		A4AD5DF2282F426B00455074 /* GCD.app */ = {isa = PBXFileReference; explicitFileType = wrapper.application; includeInIndex = 0; path = GCD.app; sourceTree = BUILT_PRODUCTS_DIR; };
		A4AD5DF5282F426B00455074 /* AppDelegate.swift */ = {isa = PBXFileReference; lastKnownFileType = sourcecode.swift; path = AppDelegate.swift; sourceTree = "<group>"; };
		A4AD5DF7282F426B00455074 /* SceneDelegate.swift */ = {isa = PBXFileReference; lastKnownFileType = sourcecode.swift; path = SceneDelegate.swift; sourceTree = "<group>"; };
		A4AD5DF9282F426B00455074 /* ViewController.swift */ = {isa = PBXFileReference; lastKnownFileType = sourcecode.swift; path = ViewController.swift; sourceTree = "<group>"; };
		A4AD5DFC282F426B00455074 /* Base */ = {isa = PBXFileReference; lastKnownFileType = file.storyboard; name = Base; path = Base.lproj/Main.storyboard; sourceTree = "<group>"; };
		A4AD5DFE282F426D00455074 /* Assets.xcassets */ = {isa = PBXFileReference; lastKnownFileType = folder.assetcatalog; path = Assets.xcassets; sourceTree = "<group>"; };
		A4AD5E01282F426D00455074 /* Base */ = {isa = PBXFileReference; lastKnownFileType = file.storyboard; name = Base; path = Base.lproj/LaunchScreen.storyboard; sourceTree = "<group>"; };
		A4AD5E03282F426D00455074 /* Info.plist */ = {isa = PBXFileReference; lastKnownFileType = text.plist.xml; path = Info.plist; sourceTree = "<group>"; };
		A4AD5E25282F85EC00455074 /* ConcurrentQueue.app */ = {isa = PBXFileReference; explicitFileType = wrapper.application; includeInIndex = 0; path = ConcurrentQueue.app; sourceTree = BUILT_PRODUCTS_DIR; };
		A4AD5E27282F85EC00455074 /* AppDelegate.swift */ = {isa = PBXFileReference; lastKnownFileType = sourcecode.swift; path = AppDelegate.swift; sourceTree = "<group>"; };
		A4AD5E29282F85EC00455074 /* SceneDelegate.swift */ = {isa = PBXFileReference; lastKnownFileType = sourcecode.swift; path = SceneDelegate.swift; sourceTree = "<group>"; };
		A4AD5E2B282F85EC00455074 /* ConcurrentQueueViewController.swift */ = {isa = PBXFileReference; lastKnownFileType = sourcecode.swift; path = ConcurrentQueueViewController.swift; sourceTree = "<group>"; };
		A4AD5E2E282F85EC00455074 /* Base */ = {isa = PBXFileReference; lastKnownFileType = file.storyboard; name = Base; path = Base.lproj/Main.storyboard; sourceTree = "<group>"; };
		A4AD5E30282F85EC00455074 /* Assets.xcassets */ = {isa = PBXFileReference; lastKnownFileType = folder.assetcatalog; path = Assets.xcassets; sourceTree = "<group>"; };
		A4AD5E33282F85EC00455074 /* Base */ = {isa = PBXFileReference; lastKnownFileType = file.storyboard; name = Base; path = Base.lproj/LaunchScreen.storyboard; sourceTree = "<group>"; };
		A4AD5E35282F85EC00455074 /* Info.plist */ = {isa = PBXFileReference; lastKnownFileType = text.plist.xml; path = Info.plist; sourceTree = "<group>"; };
/* End PBXFileReference section */

/* Begin PBXFrameworksBuildPhase section */
		A4AD5DEF282F426B00455074 /* Frameworks */ = {
			isa = PBXFrameworksBuildPhase;
			buildActionMask = 2147483647;
			files = (
			);
			runOnlyForDeploymentPostprocessing = 0;
		};
		A4AD5E22282F85EC00455074 /* Frameworks */ = {
			isa = PBXFrameworksBuildPhase;
			buildActionMask = 2147483647;
			files = (
			);
			runOnlyForDeploymentPostprocessing = 0;
		};
/* End PBXFrameworksBuildPhase section */

/* Begin PBXGroup section */
		A4AD5DE9282F426B00455074 = {
			isa = PBXGroup;
			children = (
				A4AD5DF4282F426B00455074 /* GCD */,
				A4AD5E26282F85EC00455074 /* ConcurrentQueue */,
				A4AD5DF3282F426B00455074 /* Products */,
			);
			sourceTree = "<group>";
		};
		A4AD5DF3282F426B00455074 /* Products */ = {
			isa = PBXGroup;
			children = (
				A4AD5DF2282F426B00455074 /* GCD.app */,
				A4AD5E25282F85EC00455074 /* ConcurrentQueue.app */,
			);
			name = Products;
			sourceTree = "<group>";
		};
		A4AD5DF4282F426B00455074 /* GCD */ = {
			isa = PBXGroup;
			children = (
				A4AD5DF5282F426B00455074 /* AppDelegate.swift */,
				A4AD5DF7282F426B00455074 /* SceneDelegate.swift */,
				A4AD5DF9282F426B00455074 /* ViewController.swift */,
				A4AD5DFB282F426B00455074 /* Main.storyboard */,
				A4AD5DFE282F426D00455074 /* Assets.xcassets */,
				A4AD5E00282F426D00455074 /* LaunchScreen.storyboard */,
				A4AD5E03282F426D00455074 /* Info.plist */,
			);
			path = GCD;
			sourceTree = "<group>";
		};
		A4AD5E26282F85EC00455074 /* ConcurrentQueue */ = {
			isa = PBXGroup;
			children = (
				A4AD5E27282F85EC00455074 /* AppDelegate.swift */,
				A4AD5E29282F85EC00455074 /* SceneDelegate.swift */,
				A4AD5E2B282F85EC00455074 /* ConcurrentQueueViewController.swift */,
				A4AD5E2D282F85EC00455074 /* Main.storyboard */,
				A4AD5E30282F85EC00455074 /* Assets.xcassets */,
				A4AD5E32282F85EC00455074 /* LaunchScreen.storyboard */,
				A4AD5E35282F85EC00455074 /* Info.plist */,
			);
			path = ConcurrentQueue;
			sourceTree = "<group>";
		};
/* End PBXGroup section */

/* Begin PBXNativeTarget section */
		A4AD5DF1282F426B00455074 /* GCD */ = {
			isa = PBXNativeTarget;
			buildConfigurationList = A4AD5E06282F426D00455074 /* Build configuration list for PBXNativeTarget "GCD" */;
			buildPhases = (
				A4AD5DEE282F426B00455074 /* Sources */,
				A4AD5DEF282F426B00455074 /* Frameworks */,
				A4AD5DF0282F426B00455074 /* Resources */,
			);
			buildRules = (
			);
			dependencies = (
			);
			name = GCD;
			productName = GCD;
			productReference = A4AD5DF2282F426B00455074 /* GCD.app */;
			productType = "com.apple.product-type.application";
		};
		A4AD5E24282F85EC00455074 /* ConcurrentQueue */ = {
			isa = PBXNativeTarget;
			buildConfigurationList = A4AD5E38282F85EC00455074 /* Build configuration list for PBXNativeTarget "ConcurrentQueue" */;
			buildPhases = (
				A4AD5E21282F85EC00455074 /* Sources */,
				A4AD5E22282F85EC00455074 /* Frameworks */,
				A4AD5E23282F85EC00455074 /* Resources */,
			);
			buildRules = (
			);
			dependencies = (
			);
			name = ConcurrentQueue;
			productName = ConcurrentQueue;
			productReference = A4AD5E25282F85EC00455074 /* ConcurrentQueue.app */;
			productType = "com.apple.product-type.application";
		};
/* End PBXNativeTarget section */

/* Begin PBXProject section */
		A4AD5DEA282F426B00455074 /* Project object */ = {
			isa = PBXProject;
			attributes = {
				BuildIndependentTargetsInParallel = 1;
				LastSwiftUpdateCheck = 1330;
				LastUpgradeCheck = 1330;
				TargetAttributes = {
					A4AD5DF1282F426B00455074 = {
						CreatedOnToolsVersion = 13.3.1;
					};
					A4AD5E24282F85EC00455074 = {
						CreatedOnToolsVersion = 13.3.1;
					};
				};
			};
			buildConfigurationList = A4AD5DED282F426B00455074 /* Build configuration list for PBXProject "GCD" */;
			compatibilityVersion = "Xcode 13.0";
			developmentRegion = en;
			hasScannedForEncodings = 0;
			knownRegions = (
				en,
				Base,
			);
			mainGroup = A4AD5DE9282F426B00455074;
			productRefGroup = A4AD5DF3282F426B00455074 /* Products */;
			projectDirPath = "";
			projectRoot = "";
			targets = (
				A4AD5DF1282F426B00455074 /* GCD */,
				A4AD5E24282F85EC00455074 /* ConcurrentQueue */,
			);
		};
/* End PBXProject section */

/* Begin PBXResourcesBuildPhase section */
		A4AD5DF0282F426B00455074 /* Resources */ = {
			isa = PBXResourcesBuildPhase;
			buildActionMask = 2147483647;
			files = (
				A4AD5E02282F426D00455074 /* LaunchScreen.storyboard in Resources */,
				A4AD5DFF282F426D00455074 /* Assets.xcassets in Resources */,
				A4AD5DFD282F426B00455074 /* Main.storyboard in Resources */,
			);
			runOnlyForDeploymentPostprocessing = 0;
		};
		A4AD5E23282F85EC00455074 /* Resources */ = {
			isa = PBXResourcesBuildPhase;
			buildActionMask = 2147483647;
			files = (
				A4AD5E34282F85EC00455074 /* LaunchScreen.storyboard in Resources */,
				A4AD5E31282F85EC00455074 /* Assets.xcassets in Resources */,
				A4AD5E2F282F85EC00455074 /* Main.storyboard in Resources */,
			);
			runOnlyForDeploymentPostprocessing = 0;
		};
/* End PBXResourcesBuildPhase section */

/* Begin PBXSourcesBuildPhase section */
		A4AD5DEE282F426B00455074 /* Sources */ = {
			isa = PBXSourcesBuildPhase;
			buildActionMask = 2147483647;
			files = (
				A4AD5DFA282F426B00455074 /* ViewController.swift in Sources */,
				A4AD5DF6282F426B00455074 /* AppDelegate.swift in Sources */,
				A4AD5DF8282F426B00455074 /* SceneDelegate.swift in Sources */,
			);
			runOnlyForDeploymentPostprocessing = 0;
		};
		A4AD5E21282F85EC00455074 /* Sources */ = {
			isa = PBXSourcesBuildPhase;
			buildActionMask = 2147483647;
			files = (
				A4AD5E2C282F85EC00455074 /* ConcurrentQueueViewController.swift in Sources */,
				A4AD5E28282F85EC00455074 /* AppDelegate.swift in Sources */,
				A4AD5E2A282F85EC00455074 /* SceneDelegate.swift in Sources */,
			);
			runOnlyForDeploymentPostprocessing = 0;
		};
/* End PBXSourcesBuildPhase section */

/* Begin PBXVariantGroup section */
		A4AD5DFB282F426B00455074 /* Main.storyboard */ = {
			isa = PBXVariantGroup;
			children = (
				A4AD5DFC282F426B00455074 /* Base */,
			);
			name = Main.storyboard;
			sourceTree = "<group>";
		};
		A4AD5E00282F426D00455074 /* LaunchScreen.storyboard */ = {
			isa = PBXVariantGroup;
			children = (
				A4AD5E01282F426D00455074 /* Base */,
			);
			name = LaunchScreen.storyboard;
			sourceTree = "<group>";
		};
		A4AD5E2D282F85EC00455074 /* Main.storyboard */ = {
			isa = PBXVariantGroup;
			children = (
				A4AD5E2E282F85EC00455074 /* Base */,
			);
			name = Main.storyboard;
			sourceTree = "<group>";
		};
		A4AD5E32282F85EC00455074 /* LaunchScreen.storyboard */ = {
			isa = PBXVariantGroup;
			children = (
				A4AD5E33282F85EC00455074 /* Base */,
			);
			name = LaunchScreen.storyboard;
			sourceTree = "<group>";
		};
/* End PBXVariantGroup section */

/* Begin XCBuildConfiguration section */
		A4AD5E04282F426D00455074 /* Debug */ = {
			isa = XCBuildConfiguration;
			buildSettings = {
				ALWAYS_SEARCH_USER_PATHS = NO;
				CLANG_ANALYZER_NONNULL = YES;
				CLANG_ANALYZER_NUMBER_OBJECT_CONVERSION = YES_AGGRESSIVE;
				CLANG_CXX_LANGUAGE_STANDARD = "gnu++17";
				CLANG_ENABLE_MODULES = YES;
				CLANG_ENABLE_OBJC_ARC = YES;
				CLANG_ENABLE_OBJC_WEAK = YES;
				CLANG_WARN_BLOCK_CAPTURE_AUTORELEASING = YES;
				CLANG_WARN_BOOL_CONVERSION = YES;
				CLANG_WARN_COMMA = YES;
				CLANG_WARN_CONSTANT_CONVERSION = YES;
				CLANG_WARN_DEPRECATED_OBJC_IMPLEMENTATIONS = YES;
				CLANG_WARN_DIRECT_OBJC_ISA_USAGE = YES_ERROR;
				CLANG_WARN_DOCUMENTATION_COMMENTS = YES;
				CLANG_WARN_EMPTY_BODY = YES;
				CLANG_WARN_ENUM_CONVERSION = YES;
				CLANG_WARN_INFINITE_RECURSION = YES;
				CLANG_WARN_INT_CONVERSION = YES;
				CLANG_WARN_NON_LITERAL_NULL_CONVERSION = YES;
				CLANG_WARN_OBJC_IMPLICIT_RETAIN_SELF = YES;
				CLANG_WARN_OBJC_LITERAL_CONVERSION = YES;
				CLANG_WARN_OBJC_ROOT_CLASS = YES_ERROR;
				CLANG_WARN_QUOTED_INCLUDE_IN_FRAMEWORK_HEADER = YES;
				CLANG_WARN_RANGE_LOOP_ANALYSIS = YES;
				CLANG_WARN_STRICT_PROTOTYPES = YES;
				CLANG_WARN_SUSPICIOUS_MOVE = YES;
				CLANG_WARN_UNGUARDED_AVAILABILITY = YES_AGGRESSIVE;
				CLANG_WARN_UNREACHABLE_CODE = YES;
				CLANG_WARN__DUPLICATE_METHOD_MATCH = YES;
				COPY_PHASE_STRIP = NO;
				DEBUG_INFORMATION_FORMAT = dwarf;
				ENABLE_STRICT_OBJC_MSGSEND = YES;
				ENABLE_TESTABILITY = YES;
				GCC_C_LANGUAGE_STANDARD = gnu11;
				GCC_DYNAMIC_NO_PIC = NO;
				GCC_NO_COMMON_BLOCKS = YES;
				GCC_OPTIMIZATION_LEVEL = 0;
				GCC_PREPROCESSOR_DEFINITIONS = (
					"DEBUG=1",
					"$(inherited)",
				);
				GCC_WARN_64_TO_32_BIT_CONVERSION = YES;
				GCC_WARN_ABOUT_RETURN_TYPE = YES_ERROR;
				GCC_WARN_UNDECLARED_SELECTOR = YES;
				GCC_WARN_UNINITIALIZED_AUTOS = YES_AGGRESSIVE;
				GCC_WARN_UNUSED_FUNCTION = YES;
				GCC_WARN_UNUSED_VARIABLE = YES;
				IPHONEOS_DEPLOYMENT_TARGET = 15.4;
				MTL_ENABLE_DEBUG_INFO = INCLUDE_SOURCE;
				MTL_FAST_MATH = YES;
				ONLY_ACTIVE_ARCH = YES;
				SDKROOT = iphoneos;
				SWIFT_ACTIVE_COMPILATION_CONDITIONS = DEBUG;
				SWIFT_OPTIMIZATION_LEVEL = "-Onone";
			};
			name = Debug;
		};
		A4AD5E05282F426D00455074 /* Release */ = {
			isa = XCBuildConfiguration;
			buildSettings = {
				ALWAYS_SEARCH_USER_PATHS = NO;
				CLANG_ANALYZER_NONNULL = YES;
				CLANG_ANALYZER_NUMBER_OBJECT_CONVERSION = YES_AGGRESSIVE;
				CLANG_CXX_LANGUAGE_STANDARD = "gnu++17";
				CLANG_ENABLE_MODULES = YES;
				CLANG_ENABLE_OBJC_ARC = YES;
				CLANG_ENABLE_OBJC_WEAK = YES;
				CLANG_WARN_BLOCK_CAPTURE_AUTORELEASING = YES;
				CLANG_WARN_BOOL_CONVERSION = YES;
				CLANG_WARN_COMMA = YES;
				CLANG_WARN_CONSTANT_CONVERSION = YES;
				CLANG_WARN_DEPRECATED_OBJC_IMPLEMENTATIONS = YES;
				CLANG_WARN_DIRECT_OBJC_ISA_USAGE = YES_ERROR;
				CLANG_WARN_DOCUMENTATION_COMMENTS = YES;
				CLANG_WARN_EMPTY_BODY = YES;
				CLANG_WARN_ENUM_CONVERSION = YES;
				CLANG_WARN_INFINITE_RECURSION = YES;
				CLANG_WARN_INT_CONVERSION = YES;
				CLANG_WARN_NON_LITERAL_NULL_CONVERSION = YES;
				CLANG_WARN_OBJC_IMPLICIT_RETAIN_SELF = YES;
				CLANG_WARN_OBJC_LITERAL_CONVERSION = YES;
				CLANG_WARN_OBJC_ROOT_CLASS = YES_ERROR;
				CLANG_WARN_QUOTED_INCLUDE_IN_FRAMEWORK_HEADER = YES;
				CLANG_WARN_RANGE_LOOP_ANALYSIS = YES;
				CLANG_WARN_STRICT_PROTOTYPES = YES;
				CLANG_WARN_SUSPICIOUS_MOVE = YES;
				CLANG_WARN_UNGUARDED_AVAILABILITY = YES_AGGRESSIVE;
				CLANG_WARN_UNREACHABLE_CODE = YES;
				CLANG_WARN__DUPLICATE_METHOD_MATCH = YES;
				COPY_PHASE_STRIP = NO;
				DEBUG_INFORMATION_FORMAT = "dwarf-with-dsym";
				ENABLE_NS_ASSERTIONS = NO;
				ENABLE_STRICT_OBJC_MSGSEND = YES;
				GCC_C_LANGUAGE_STANDARD = gnu11;
				GCC_NO_COMMON_BLOCKS = YES;
				GCC_WARN_64_TO_32_BIT_CONVERSION = YES;
				GCC_WARN_ABOUT_RETURN_TYPE = YES_ERROR;
				GCC_WARN_UNDECLARED_SELECTOR = YES;
				GCC_WARN_UNINITIALIZED_AUTOS = YES_AGGRESSIVE;
				GCC_WARN_UNUSED_FUNCTION = YES;
				GCC_WARN_UNUSED_VARIABLE = YES;
				IPHONEOS_DEPLOYMENT_TARGET = 15.4;
				MTL_ENABLE_DEBUG_INFO = NO;
				MTL_FAST_MATH = YES;
				SDKROOT = iphoneos;
				SWIFT_COMPILATION_MODE = wholemodule;
				SWIFT_OPTIMIZATION_LEVEL = "-O";
				VALIDATE_PRODUCT = YES;
			};
			name = Release;
		};
		A4AD5E07282F426D00455074 /* Debug */ = {
			isa = XCBuildConfiguration;
			buildSettings = {
				ASSETCATALOG_COMPILER_APPICON_NAME = AppIcon;
				ASSETCATALOG_COMPILER_GLOBAL_ACCENT_COLOR_NAME = AccentColor;
				CODE_SIGN_STYLE = Automatic;
				CURRENT_PROJECT_VERSION = 1;
				GENERATE_INFOPLIST_FILE = YES;
				INFOPLIST_FILE = GCD/Info.plist;
				INFOPLIST_KEY_UIApplicationSupportsIndirectInputEvents = YES;
				INFOPLIST_KEY_UILaunchStoryboardName = LaunchScreen;
				INFOPLIST_KEY_UIMainStoryboardFile = Main;
				INFOPLIST_KEY_UISupportedInterfaceOrientations_iPad = "UIInterfaceOrientationPortrait UIInterfaceOrientationPortraitUpsideDown UIInterfaceOrientationLandscapeLeft UIInterfaceOrientationLandscapeRight";
				INFOPLIST_KEY_UISupportedInterfaceOrientations_iPhone = "UIInterfaceOrientationPortrait UIInterfaceOrientationLandscapeLeft UIInterfaceOrientationLandscapeRight";
				LD_RUNPATH_SEARCH_PATHS = (
					"$(inherited)",
					"@executable_path/Frameworks",
				);
				MARKETING_VERSION = 1.0;
				PRODUCT_BUNDLE_IDENTIFIER = IOS.GCD;
				PRODUCT_NAME = "$(TARGET_NAME)";
				SWIFT_EMIT_LOC_STRINGS = YES;
				SWIFT_VERSION = 5.0;
				TARGETED_DEVICE_FAMILY = "1,2";
			};
			name = Debug;
		};
		A4AD5E08282F426D00455074 /* Release */ = {
			isa = XCBuildConfiguration;
			buildSettings = {
				ASSETCATALOG_COMPILER_APPICON_NAME = AppIcon;
				ASSETCATALOG_COMPILER_GLOBAL_ACCENT_COLOR_NAME = AccentColor;
				CODE_SIGN_STYLE = Automatic;
				CURRENT_PROJECT_VERSION = 1;
				GENERATE_INFOPLIST_FILE = YES;
				INFOPLIST_FILE = GCD/Info.plist;
				INFOPLIST_KEY_UIApplicationSupportsIndirectInputEvents = YES;
				INFOPLIST_KEY_UILaunchStoryboardName = LaunchScreen;
				INFOPLIST_KEY_UIMainStoryboardFile = Main;
				INFOPLIST_KEY_UISupportedInterfaceOrientations_iPad = "UIInterfaceOrientationPortrait UIInterfaceOrientationPortraitUpsideDown UIInterfaceOrientationLandscapeLeft UIInterfaceOrientationLandscapeRight";
				INFOPLIST_KEY_UISupportedInterfaceOrientations_iPhone = "UIInterfaceOrientationPortrait UIInterfaceOrientationLandscapeLeft UIInterfaceOrientationLandscapeRight";
				LD_RUNPATH_SEARCH_PATHS = (
					"$(inherited)",
					"@executable_path/Frameworks",
				);
				MARKETING_VERSION = 1.0;
				PRODUCT_BUNDLE_IDENTIFIER = IOS.GCD;
				PRODUCT_NAME = "$(TARGET_NAME)";
				SWIFT_EMIT_LOC_STRINGS = YES;
				SWIFT_VERSION = 5.0;
				TARGETED_DEVICE_FAMILY = "1,2";
			};
			name = Release;
		};
		A4AD5E36282F85EC00455074 /* Debug */ = {
			isa = XCBuildConfiguration;
			buildSettings = {
				ASSETCATALOG_COMPILER_APPICON_NAME = AppIcon;
				ASSETCATALOG_COMPILER_GLOBAL_ACCENT_COLOR_NAME = AccentColor;
				CODE_SIGN_STYLE = Automatic;
				CURRENT_PROJECT_VERSION = 1;
				GENERATE_INFOPLIST_FILE = YES;
				INFOPLIST_FILE = ConcurrentQueue/Info.plist;
				INFOPLIST_KEY_UIApplicationSupportsIndirectInputEvents = YES;
				INFOPLIST_KEY_UILaunchStoryboardName = LaunchScreen;
				INFOPLIST_KEY_UIMainStoryboardFile = Main;
				INFOPLIST_KEY_UISupportedInterfaceOrientations_iPad = "UIInterfaceOrientationPortrait UIInterfaceOrientationPortraitUpsideDown UIInterfaceOrientationLandscapeLeft UIInterfaceOrientationLandscapeRight";
				INFOPLIST_KEY_UISupportedInterfaceOrientations_iPhone = "UIInterfaceOrientationPortrait UIInterfaceOrientationLandscapeLeft UIInterfaceOrientationLandscapeRight";
				LD_RUNPATH_SEARCH_PATHS = (
					"$(inherited)",
					"@executable_path/Frameworks",
				);
				MARKETING_VERSION = 1.0;
				PRODUCT_BUNDLE_IDENTIFIER = IOS.ConcurrentQueue;
				PRODUCT_NAME = "$(TARGET_NAME)";
				SWIFT_EMIT_LOC_STRINGS = YES;
				SWIFT_VERSION = 5.0;
				TARGETED_DEVICE_FAMILY = "1,2";
			};
			name = Debug;
		};
		A4AD5E37282F85EC00455074 /* Release */ = {
			isa = XCBuildConfiguration;
			buildSettings = {
				ASSETCATALOG_COMPILER_APPICON_NAME = AppIcon;
				ASSETCATALOG_COMPILER_GLOBAL_ACCENT_COLOR_NAME = AccentColor;
				CODE_SIGN_STYLE = Automatic;
				CURRENT_PROJECT_VERSION = 1;
				GENERATE_INFOPLIST_FILE = YES;
				INFOPLIST_FILE = ConcurrentQueue/Info.plist;
				INFOPLIST_KEY_UIApplicationSupportsIndirectInputEvents = YES;
				INFOPLIST_KEY_UILaunchStoryboardName = LaunchScreen;
				INFOPLIST_KEY_UIMainStoryboardFile = Main;
				INFOPLIST_KEY_UISupportedInterfaceOrientations_iPad = "UIInterfaceOrientationPortrait UIInterfaceOrientationPortraitUpsideDown UIInterfaceOrientationLandscapeLeft UIInterfaceOrientationLandscapeRight";
				INFOPLIST_KEY_UISupportedInterfaceOrientations_iPhone = "UIInterfaceOrientationPortrait UIInterfaceOrientationLandscapeLeft UIInterfaceOrientationLandscapeRight";
				LD_RUNPATH_SEARCH_PATHS = (
					"$(inherited)",
					"@executable_path/Frameworks",
				);
				MARKETING_VERSION = 1.0;
				PRODUCT_BUNDLE_IDENTIFIER = IOS.ConcurrentQueue;
				PRODUCT_NAME = "$(TARGET_NAME)";
				SWIFT_EMIT_LOC_STRINGS = YES;
				SWIFT_VERSION = 5.0;
				TARGETED_DEVICE_FAMILY = "1,2";
			};
			name = Release;
		};
/* End XCBuildConfiguration section */

/* Begin XCConfigurationList section */
		A4AD5DED282F426B00455074 /* Build configuration list for PBXProject "GCD" */ = {
			isa = XCConfigurationList;
			buildConfigurations = (
				A4AD5E04282F426D00455074 /* Debug */,
				A4AD5E05282F426D00455074 /* Release */,
			);
			defaultConfigurationIsVisible = 0;
			defaultConfigurationName = Release;
		};
		A4AD5E06282F426D00455074 /* Build configuration list for PBXNativeTarget "GCD" */ = {
			isa = XCConfigurationList;
			buildConfigurations = (
				A4AD5E07282F426D00455074 /* Debug */,
				A4AD5E08282F426D00455074 /* Release */,
			);
			defaultConfigurationIsVisible = 0;
			defaultConfigurationName = Release;
		};
		A4AD5E38282F85EC00455074 /* Build configuration list for PBXNativeTarget "ConcurrentQueue" */ = {
			isa = XCConfigurationList;
			buildConfigurations = (
				A4AD5E36282F85EC00455074 /* Debug */,
				A4AD5E37282F85EC00455074 /* Release */,
			);
			defaultConfigurationIsVisible = 0;
			defaultConfigurationName = Release;
		};
/* End XCConfigurationList section */
	};
	rootObject = A4AD5DEA282F426B00455074 /* Project object */;
}
